# THIS IS AN AUTOGENERATED FILE. DO NOT EDIT THIS FILE DIRECTLY.
# yarn lockfile v1


"@swc-node/core@^1.8.2":
  version "1.8.2"
  resolved "https://registry.yarnpkg.com/@swc-node/core/-/core-1.8.2.tgz#950ad394a8e8385658e6a951ec554bbf61a1693e"
  integrity sha512-IoJ7tGHQ6JOMSmFe4VhP64uLmFKMNasS0QEgUrLFQ0h/dTvpQMynnoGBEJoPL6LfsebZ/q4uKqbpWrth6/yrAA==
  dependencies:
    "@swc/core" "^1.2.119"

"@swc-node/register@1.4.2":
  version "1.4.2"
  resolved "https://registry.yarnpkg.com/@swc-node/register/-/register-1.4.2.tgz#98801cc5ad8792519511bd6ae31c01f40aa487a3"
  integrity sha512-wLZz0J7BTO//1Eq7e4eBQjKF380Hr2eVemz849msQSKcVM1D7UJUt/dP2TinEVGx++/BXJ/0q37i6n9Iw0EM0w==
  dependencies:
    "@swc-node/core" "^1.8.2"
    "@swc-node/sourcemap-support" "^0.1.11"
    chalk "4"
    debug "^4.3.3"
    pirates "^4.0.4"
    tslib "^2.3.1"
    typescript "^4.5.3"

"@swc-node/sourcemap-support@^0.1.11":
  version "0.1.11"
  resolved "https://registry.yarnpkg.com/@swc-node/sourcemap-support/-/sourcemap-support-0.1.11.tgz#50cda396baade0636e8f53596b7a66386490c06d"
  integrity sha512-b+Mn3oQl+7nUSt7hPzIbY9B30YhcFo1PT4kd9P4QmD6raycmIealOAhAdZID/JevphzsOXHQB4OqJm7Yi5tMcA==
  dependencies:
    source-map-support "^0.5.21"

"@swc/core-android-arm-eabi@1.2.147":
  version "1.2.147"
  resolved "https://registry.yarnpkg.com/@swc/core-android-arm-eabi/-/core-android-arm-eabi-1.2.147.tgz#9b073990d81743e3ee7a797c763ebbf063019025"
  integrity sha512-WOCTic99tAlki8WO6FhaP+5uZQyTMoz50utb4+eqvKX3QKoNcVbjXrPr9m3dj+OP2LHXGebo8F4lT5gAhjsIAw==

"@swc/core-android-arm64@1.2.147":
  version "1.2.147"
  resolved "https://registry.yarnpkg.com/@swc/core-android-arm64/-/core-android-arm64-1.2.147.tgz#f6aa3b53e45c9f492c6ffd020690a0c0cd875cf4"
  integrity sha512-cqfOZKR31k4HCy2qDUnpE1fZ+d9xqEicxxtpeAik580DBXZ0GAgFqwtjY5FLhTPhiXZBZnoZ61NtwL2jxfDj2w==

"@swc/core-darwin-arm64@1.2.147":
  version "1.2.147"
  resolved "https://registry.yarnpkg.com/@swc/core-darwin-arm64/-/core-darwin-arm64-1.2.147.tgz#59cd273f9b8ca723b8a0c6a355c941e21339e5b6"
  integrity sha512-k4vWk67QVARnk0NaxYAWC01Aa2oYLQegqOGFllnasZcu/T/mq8H6HWHXH9efkyGNQ5S1hkgunLC2ZMcD80Tsng==

"@swc/core-darwin-x64@1.2.147":
  version "1.2.147"
  resolved "https://registry.yarnpkg.com/@swc/core-darwin-x64/-/core-darwin-x64-1.2.147.tgz#ded878c959e9fc36f3521f08e631c809be3007b2"
  integrity sha512-Q7mRrgFbH7JXFAvQYqZlG0HIPy5jwAp/VGuPF9P9VPu+gZl+4oSBBCaU2cQW9FdNpdQhPJVBjq3T1Z0qK2x2ww==

"@swc/core-freebsd-x64@1.2.147":
  version "1.2.147"
  resolved "https://registry.yarnpkg.com/@swc/core-freebsd-x64/-/core-freebsd-x64-1.2.147.tgz#7f378eea54dd094c67bd8d91b41d0ddbbe1e0b3b"
  integrity sha512-DrCOvyRWNrpwOEqEOALwsiDJcG9Ll+EuwscefJCUPWI1nXMX4JyPVBkKG55LVrerBq/+Gqqpc3pOSjBj5BZJhg==

"@swc/core-linux-arm-gnueabihf@1.2.147":
  version "1.2.147"
  resolved "https://registry.yarnpkg.com/@swc/core-linux-arm-gnueabihf/-/core-linux-arm-gnueabihf-1.2.147.tgz#9051e132957089717c02a8f168b81755ad35e18b"
  integrity sha512-LVM/el40J+iHswbztd/GOcNuUDNwvu0vgAf9K8G9e7zNrMu3Mb0LIF2Ee9/LYk/iRWe+W1x0AsyBWCR0DNcyeA==

"@swc/core-linux-arm64-gnu@1.2.147":
  version "1.2.147"
  resolved "https://registry.yarnpkg.com/@swc/core-linux-arm64-gnu/-/core-linux-arm64-gnu-1.2.147.tgz#9a7a79f7c003d6453684415b800bea6aebfafcd0"
  integrity sha512-rPiDrgbjx7idgQ64aJ6TE58uahvGE2oGTA7il2RmtD5pxFK0E3QN569eJvmzBagrlU848ntB0LjazAGw3rqP9g==

"@swc/core-linux-arm64-musl@1.2.147":
  version "1.2.147"
  resolved "https://registry.yarnpkg.com/@swc/core-linux-arm64-musl/-/core-linux-arm64-musl-1.2.147.tgz#a222a8bef187fd61bb2b749a12d95ed11884b37e"
  integrity sha512-TilrlBVkRyXrHNlTJ2WPTped+eC9R0RGu6sxzkNzcMY1DDXYDUy+Z+clotFU7t286hQy46gEdKTofsNIRzwt0g==

"@swc/core-linux-x64-gnu@1.2.147":
  version "1.2.147"
  resolved "https://registry.yarnpkg.com/@swc/core-linux-x64-gnu/-/core-linux-x64-gnu-1.2.147.tgz#0a389d3a9550463d5ef011185257c0a053966365"
  integrity sha512-Trp8xOc1jSlSryEqOqNhzffZxSLIpSgTCKQZTrpyrelP0egA0hvxZun6Nb7sF97G3GI0MKg6SPP0FZo6gvI3kw==

"@swc/core-linux-x64-musl@1.2.147":
  version "1.2.147"
  resolved "https://registry.yarnpkg.com/@swc/core-linux-x64-musl/-/core-linux-x64-musl-1.2.147.tgz#53921bd4112b96025950374cf8e75dda0babce3f"
  integrity sha512-m1Zz8DIz7somKDoJFjxrCemTlF3OtfNbRH/o9l81CaoRXTT26FmVoIP0k9tVwA6K/qybXey3XH3TX75hjwH+pw==

"@swc/core-win32-arm64-msvc@1.2.147":
  version "1.2.147"
  resolved "https://registry.yarnpkg.com/@swc/core-win32-arm64-msvc/-/core-win32-arm64-msvc-1.2.147.tgz#fb044eca81071c01d26ed6719a85d2453ff49fd4"
  integrity sha512-8e2lMEBWsv2+dY0m/9hIOJjc6wf6vl++E4D7SVNYYjZQ+m/npYO5/PSrbnGLONz4Zsz94i/nJIECjaNHIJCiNw==

"@swc/core-win32-ia32-msvc@1.2.147":
  version "1.2.147"
  resolved "https://registry.yarnpkg.com/@swc/core-win32-ia32-msvc/-/core-win32-ia32-msvc-1.2.147.tgz#0b9f8aa0f92e0fd09bd7ead41cb38301d06dc5d5"
  integrity sha512-YzFhcBhFruZpFVbBXr2K5rglcVe9Lx/BQ9HDes3+NkQAB8K4EeunPtqBN67YgkdDqKTGORqkMWRtWMSTECJZqQ==

"@swc/core-win32-x64-msvc@1.2.147":
  version "1.2.147"
  resolved "https://registry.yarnpkg.com/@swc/core-win32-x64-msvc/-/core-win32-x64-msvc-1.2.147.tgz#19892628b66be9e39ada6d6b17bfb84378b35c9b"
  integrity sha512-csRYCQVL0jJtDtJX3K7u0yqFkyq/APQGHPaPMxcTMGQllEY4yX93RyAHDGVVp1PdjQ+GSWnp2i+jcF3DnjYNIQ==

"@swc/core@^1.2.119":
  version "1.2.147"
  resolved "https://registry.yarnpkg.com/@swc/core/-/core-1.2.147.tgz#750bcb01a69d3439769e9478988f95f65434d06a"
  integrity sha512-FXHgp2/vbiHjOCHLxaxAblLTAw8/sCe2wEfE/BmSAdHapm/ynEAWt6+5tN0t6rVs835lCJswBK1YVsRQvnNxYA==
  optionalDependencies:
    "@swc/core-android-arm-eabi" "1.2.147"
    "@swc/core-android-arm64" "1.2.147"
    "@swc/core-darwin-arm64" "1.2.147"
    "@swc/core-darwin-x64" "1.2.147"
    "@swc/core-freebsd-x64" "1.2.147"
    "@swc/core-linux-arm-gnueabihf" "1.2.147"
    "@swc/core-linux-arm64-gnu" "1.2.147"
    "@swc/core-linux-arm64-musl" "1.2.147"
    "@swc/core-linux-x64-gnu" "1.2.147"
    "@swc/core-linux-x64-musl" "1.2.147"
    "@swc/core-win32-arm64-msvc" "1.2.147"
    "@swc/core-win32-ia32-msvc" "1.2.147"
    "@swc/core-win32-x64-msvc" "1.2.147"

ansi-styles@^4.1.0:
  version "4.3.0"
  resolved "https://registry.yarnpkg.com/ansi-styles/-/ansi-styles-4.3.0.tgz#edd803628ae71c04c85ae7a0906edad34b648937"
  integrity sha512-zbB9rCJAT1rbjiVDb2hqKFHNYLxgtk8NURxZ3IZwD3F6NtxbXZQCnnSi1Lkx+IDohdPlFp222wVALIheZJQSEg==
  dependencies:
    color-convert "^2.0.1"

anymatch@~3.1.2:
  version "3.1.2"
  resolved "https://registry.yarnpkg.com/anymatch/-/anymatch-3.1.2.tgz#c0557c096af32f106198f4f4e2a383537e378716"
  integrity sha512-P43ePfOAIupkguHUycrc4qJ9kz8ZiuOUijaETwX7THt0Y/GNK7v0aa8rY816xWjZ7rJdA5XdMcpVFTKMq+RvWg==
  dependencies:
    normalize-path "^3.0.0"
    picomatch "^2.0.4"

binary-extensions@^2.0.0:
  version "2.2.0"
  resolved "https://registry.yarnpkg.com/binary-extensions/-/binary-extensions-2.2.0.tgz#75f502eeaf9ffde42fc98829645be4ea76bd9e2d"
  integrity sha512-jDctJ/IVQbZoJykoeHbhXpOlNBqGNcwXJKJog42E5HDPUwQTSdjCHdihjj0DlnheQ7blbT6dHOafNAiS8ooQKA==

braces@~3.0.2:
  version "3.0.2"
  resolved "https://registry.yarnpkg.com/braces/-/braces-3.0.2.tgz#3454e1a462ee8d599e236df336cd9ea4f8afe107"
  integrity sha512-b8um+L1RzM3WDSzvhm6gIz1yfTbBt6YTlcEKAvsmqCZZFw46z626lVj9j1yEPW33H5H+lBQpZMP1k8l+78Ha0A==
  dependencies:
    fill-range "^7.0.1"

buffer-from@^1.0.0:
  version "1.1.2"
  resolved "https://registry.yarnpkg.com/buffer-from/-/buffer-from-1.1.2.tgz#2b146a6fd72e80b4f55d255f35ed59a3a9a41bd5"
  integrity sha512-E+XQCRwSbaaiChtv6k6Dwgc+bx+Bs6vuKJHHl5kox/BaKbhiXzqQOwK4cO22yElGp2OCmjwVhT3HmxgyPGnJfQ==

chalk@4:
  version "4.1.2"
  resolved "https://registry.yarnpkg.com/chalk/-/chalk-4.1.2.tgz#aac4e2b7734a740867aeb16bf02aad556a1e7a01"
  integrity sha512-oKnbhFyRIXpUuez8iBMmyEa4nbj4IOQyuhc/wy9kY7/WVPcwIO9VA668Pu8RkO7+0G76SLROeyw9CpQ061i4mA==
  dependencies:
    ansi-styles "^4.1.0"
    supports-color "^7.1.0"

chokidar@3.5.3:
  version "3.5.3"
  resolved "https://registry.yarnpkg.com/chokidar/-/chokidar-3.5.3.tgz#1cf37c8707b932bd1af1ae22c0432e2acd1903bd"
  integrity sha512-Dr3sfKRP6oTcjf2JmUmFJfeVMvXBdegxB0iVQ5eb2V10uFJUCAS8OByZdVAyVb8xXNz3GjjTgj9kLWsZTqE6kw==
  dependencies:
    anymatch "~3.1.2"
    braces "~3.0.2"
    glob-parent "~5.1.2"
    is-binary-path "~2.1.0"
    is-glob "~4.0.1"
    normalize-path "~3.0.0"
    readdirp "~3.6.0"
  optionalDependencies:
    fsevents "~2.3.2"

color-convert@^2.0.1:
  version "2.0.1"
  resolved "https://registry.yarnpkg.com/color-convert/-/color-convert-2.0.1.tgz#72d3a68d598c9bdb3af2ad1e84f21d896abd4de3"
  integrity sha512-RRECPsj7iu/xb5oKYcsFHSppFNnsj/52OVTRKb4zP5onXwVF3zVmmToNcOfGC+CRDpfK/U584fMg38ZHCaElKQ==
  dependencies:
    color-name "~1.1.4"

color-name@~1.1.4:
  version "1.1.4"
  resolved "https://registry.yarnpkg.com/color-name/-/color-name-1.1.4.tgz#c2a09a87acbde69543de6f63fa3995c826c536a2"
  integrity sha512-dOy+3AuW3a2wNbZHIuMZpTcgjGuLU/uBL/ubcZF9OXbDo8ff4O8yVp5Bf0efS8uEoYo5q4Fx7dY9OgQGXgAsQA==

debug@^4.3.3:
  version "4.3.3"
  resolved "https://registry.yarnpkg.com/debug/-/debug-4.3.3.tgz#04266e0b70a98d4462e6e288e38259213332b664"
  integrity sha512-/zxw5+vh1Tfv+4Qn7a5nsbcJKPaSvCDhojn6FEl9vupwK2VCSDtEiEtqr8DFtzYFOdz63LBkxec7DYuc2jon6Q==
  dependencies:
    ms "2.1.2"

fill-range@^7.0.1:
  version "7.0.1"
  resolved "https://registry.yarnpkg.com/fill-range/-/fill-range-7.0.1.tgz#1919a6a7c75fe38b2c7c77e5198535da9acdda40"
  integrity sha512-qOo9F+dMUmC2Lcb4BbVvnKJxTPjCm+RRpe4gDuGrzkL7mEVl/djYSu2OdQ2Pa302N4oqkSg9ir6jaLWJ2USVpQ==
  dependencies:
    to-regex-range "^5.0.1"

fsevents@~2.3.2:
  version "2.3.2"
  resolved "https://registry.yarnpkg.com/fsevents/-/fsevents-2.3.2.tgz#8a526f78b8fdf4623b709e0b975c52c24c02fd1a"
  integrity sha512-xiqMQR4xAeHTuB9uWm+fFRcIOgKBMiOBP+eXiyT7jsgVCq1bkVygt00oASowB7EdtpOHaaPgKt812P9ab+DDKA==

glob-parent@~5.1.2:
  version "5.1.2"
  resolved "https://registry.yarnpkg.com/glob-parent/-/glob-parent-5.1.2.tgz#869832c58034fe68a4093c17dc15e8340d8401c4"
  integrity sha512-AOIgSQCepiJYwP3ARnGx+5VnTu2HBYdzbGP45eLw1vr3zB3vZLeyed1sC9hnbcOc9/SrMyM5RPQrkGz4aS9Zow==
  dependencies:
    is-glob "^4.0.1"

has-flag@^4.0.0:
  version "4.0.0"
  resolved "https://registry.yarnpkg.com/has-flag/-/has-flag-4.0.0.tgz#944771fd9c81c81265c4d6941860da06bb59479b"
  integrity sha512-EykJT/Q1KjTWctppgIAgfSO0tKVuZUjhgMr17kqTumMl6Afv3EISleU7qZUzoXDFTAHTDC4NOoG/ZxU3EvlMPQ==

is-binary-path@~2.1.0:
  version "2.1.0"
  resolved "https://registry.yarnpkg.com/is-binary-path/-/is-binary-path-2.1.0.tgz#ea1f7f3b80f064236e83470f86c09c254fb45b09"
  integrity sha512-ZMERYes6pDydyuGidse7OsHxtbI7WVeUEozgR/g7rd0xUimYNlvZRE/K2MgZTjWy725IfelLeVcEM97mmtRGXw==
  dependencies:
    binary-extensions "^2.0.0"

is-extglob@^2.1.1:
  version "2.1.1"
  resolved "https://registry.yarnpkg.com/is-extglob/-/is-extglob-2.1.1.tgz#a88c02535791f02ed37c76a1b9ea9773c833f8c2"
  integrity sha1-qIwCU1eR8C7TfHahueqXc8gz+MI=

is-glob@^4.0.1, is-glob@~4.0.1:
  version "4.0.3"
  resolved "https://registry.yarnpkg.com/is-glob/-/is-glob-4.0.3.tgz#64f61e42cbbb2eec2071a9dac0b28ba1e65d5084"
  integrity sha512-xelSayHH36ZgE7ZWhli7pW34hNbNl8Ojv5KVmkJD4hBdD3th8Tfk9vYasLM+mXWOZhFkgZfxhLSnrwRr4elSSg==
  dependencies:
    is-extglob "^2.1.1"

is-number@^7.0.0:
  version "7.0.0"
  resolved "https://registry.yarnpkg.com/is-number/-/is-number-7.0.0.tgz#7535345b896734d5f80c4d06c50955527a14f12b"
  integrity sha512-41Cifkg6e8TylSpdtTpeLVMqvSBEVzTttHvERD741+pnZ8ANv0004MRL43QKPDlK9cGvNp6NZWZUBlbGXYxxng==

ms@2.1.2:
  version "2.1.2"
  resolved "https://registry.yarnpkg.com/ms/-/ms-2.1.2.tgz#d09d1f357b443f493382a8eb3ccd183872ae6009"
  integrity sha512-sGkPx+VjMtmA6MX27oA4FBFELFCZZ4S4XqeGOXCv68tT+jb3vk/RyaKWP0PTKyWtmLSM0b+adUTEvbs1PEaH2w==

normalize-path@^3.0.0, normalize-path@~3.0.0:
  version "3.0.0"
  resolved "https://registry.yarnpkg.com/normalize-path/-/normalize-path-3.0.0.tgz#0dcd69ff23a1c9b11fd0978316644a0388216a65"
  integrity sha512-6eZs5Ls3WtCisHWp9S2GUy8dqkpGi4BVSz3GaqiE6ezub0512ESztXUwUB6C6IKbQkY2Pnb/mD4WYojCRwcwLA==

picomatch@^2.0.4, picomatch@^2.2.1:
  version "2.3.1"
  resolved "https://registry.yarnpkg.com/picomatch/-/picomatch-2.3.1.tgz#3ba3833733646d9d3e4995946c1365a67fb07a42"
  integrity sha512-JU3teHTNjmE2VCGFzuY8EXzCDVwEqB2a8fsIvwaStHhAWJEeVd1o1QD80CU6+ZdEXXSLbSsuLwJjkCBWqRQUVA==

pirates@^4.0.4:
  version "4.0.5"
  resolved "https://registry.yarnpkg.com/pirates/-/pirates-4.0.5.tgz#feec352ea5c3268fb23a37c702ab1699f35a5f3b"
  integrity sha512-8V9+HQPupnaXMA23c5hvl69zXvTwTzyAYasnkb0Tts4XvO4CliqONMOnvlq26rkhLC3nWDFBJf73LU1e1VZLaQ==

readdirp@~3.6.0:
  version "3.6.0"
  resolved "https://registry.yarnpkg.com/readdirp/-/readdirp-3.6.0.tgz#74a370bd857116e245b29cc97340cd431a02a6c7"
  integrity sha512-hOS089on8RduqdbhvQ5Z37A0ESjsqz6qnRcffsMU3495FuTdqSm+7bhJ29JvIOsBDEEnan5DPu9t3To9VRlMzA==
  dependencies:
    picomatch "^2.2.1"

source-map-support@^0.5.21:
  version "0.5.21"
  resolved "https://registry.yarnpkg.com/source-map-support/-/source-map-support-0.5.21.tgz#04fe7c7f9e1ed2d662233c28cb2b35b9f63f6e4f"
  integrity sha512-uBHU3L3czsIyYXKX88fdrGovxdSCoTGDRZ6SYXtSRxLZUzHg5P/66Ht6uoUlHu9EZod+inXhKo3qQgwXUT/y1w==
  dependencies:
    buffer-from "^1.0.0"
    source-map "^0.6.0"

source-map@^0.6.0:
  version "0.6.1"
  resolved "https://registry.yarnpkg.com/source-map/-/source-map-0.6.1.tgz#74722af32e9614e9c287a8d0bbde48b5e2f1a263"
  integrity sha512-UjgapumWlbMhkBgzT7Ykc5YXUT46F0iKu8SGXq0bcwP5dz/h0Plj6enJqjz1Zbq2l5WaqYnrVbwWOWMyF3F47g==

supports-color@^7.1.0:
  version "7.2.0"
  resolved "https://registry.yarnpkg.com/supports-color/-/supports-color-7.2.0.tgz#1b7dcdcb32b8138801b3e478ba6a51caa89648da"
  integrity sha512-qpCAvRl9stuOHveKsn7HncJRvv501qIacKzQlO/+Lwxc9+0q2wLyv4Dfvt80/DPn2pqOBsJdDiogXGR9+OvwRw==
  dependencies:
    has-flag "^4.0.0"

to-regex-range@^5.0.1:
  version "5.0.1"
  resolved "https://registry.yarnpkg.com/to-regex-range/-/to-regex-range-5.0.1.tgz#1648c44aae7c8d988a326018ed72f5b4dd0392e4"
  integrity sha512-65P7iz6X5yEr1cwcgvQxbbIw7Uk3gOy5dIdtZ4rDveLqhrdJP+Li/Hx6tyK0NEb+2GCyneCMJiGqrADCSNk8sQ==
  dependencies:
    is-number "^7.0.0"

tslib@^2.3.1:
  version "2.3.1"
  resolved "https://registry.yarnpkg.com/tslib/-/tslib-2.3.1.tgz#e8a335add5ceae51aa261d32a490158ef042ef01"
  integrity sha512-77EbyPPpMz+FRFRuAFlWMtmgUWGe9UOG2Z25NqCwiIjRhOf5iKGuzSe5P2w1laq+FkRy4p+PCuVkJSGkzTEKVw==

typescript@^4.5.3:
  version "4.6.2"
  resolved "https://registry.yarnpkg.com/typescript/-/typescript-4.6.2.tgz#fe12d2727b708f4eef40f51598b3398baa9611d4"
  integrity sha512-HM/hFigTBHZhLXshn9sN37H085+hQGeJHJ/X7LpBWLID/fbc2acUMfU+lGD98X81sKP+pFa9f0DZmCwB9GnbAg==
